
Microsoft Visual Studio Solution File, Format Version 12.00
# Visual Studio Version 16
VisualStudioVersion = 16.0.31112.23
MinimumVisualStudioVersion = 10.0.40219.1
Project("{FAE04EC0-301F-11D3-BF4B-00C04F79EFBC}") = "App", "App\App.csproj", "{C74EABC2-94DA-4730-8239-1CC1BCAF5ED5}"
EndProject
Global
	GlobalSection(SolutionConfigurationPlatforms) = preSolution
		Debug|Any CPU = Debug|Any CPU
		Release|Any CPU = Release|Any CPU
	EndGlobalSection
	GlobalSection(ProjectConfigurationPlatforms) = postSolution
		{C74EABC2-94DA-4730-8239-1CC1BCAF5ED5}.Debug|Any CPU.ActiveCfg = Debug|Any CPU
		{C74EABC2-94DA-4730-8239-1CC1BCAF5ED5}.Debug|Any CPU.Build.0 = Debug|Any CPU
		{C74EABC2-94DA-4730-8239-1CC1BCAF5ED5}.Release|Any CPU.ActiveCfg = Release|Any CPU
		{C74EABC2-94DA-4730-8239-1CC1BCAF5ED5}.Release|Any CPU.Build.0 = Release|Any CPU
	EndGlobalSection
	GlobalSection(SolutionProperties) = preSolution
		HideSolutionNode = FALSE
	EndGlobalSection
	GlobalSection(ExtensibilityGlobals) = postSolution
		SolutionGuid = {1F507650-FEBA-47AA-B158-B0CF7ADB6299}
	EndGlobalSection
EndGlobal
